
Microsoft Visual Studio Solution File, Format Version 12.00
# Visual Studio 15
VisualStudioVersion = 15.0.28307.168
MinimumVisualStudioVersion = 10.0.40219.1
Project("{FAE04EC0-301F-11D3-BF4B-00C04F79EFBC}") = "JysanGarantTest", "JysanGarantTest\JysanGarantTest.csproj", "{1C52B7E1-83B2-455E-8D84-E0C5F2E7F23F}"
EndProject
Global
	GlobalSection(SolutionConfigurationPlatforms) = preSolution
		Debug|Any CPU = Debug|Any CPU
		Release|Any CPU = Release|Any CPU
	EndGlobalSection
	GlobalSection(ProjectConfigurationPlatforms) = postSolution
		{1C52B7E1-83B2-455E-8D84-E0C5F2E7F23F}.Debug|Any CPU.ActiveCfg = Debug|Any CPU
		{1C52B7E1-83B2-455E-8D84-E0C5F2E7F23F}.Debug|Any CPU.Build.0 = Debug|Any CPU
		{1C52B7E1-83B2-455E-8D84-E0C5F2E7F23F}.Release|Any CPU.ActiveCfg = Release|Any CPU
		{1C52B7E1-83B2-455E-8D84-E0C5F2E7F23F}.Release|Any CPU.Build.0 = Release|Any CPU
	EndGlobalSection
	GlobalSection(SolutionProperties) = preSolution
		HideSolutionNode = FALSE
	EndGlobalSection
	GlobalSection(ExtensibilityGlobals) = postSolution
		SolutionGuid = {BCA4EA1F-64E9-4B04-BEE9-2ECF7EA8ADFE}
	EndGlobalSection
EndGlobal
